
Microsoft Visual Studio Solution File, Format Version 12.00
# Visual Studio Version 16
VisualStudioVersion = 16.0.30711.63
MinimumVisualStudioVersion = 10.0.40219.1
Project("{9A19103F-16F7-4668-BE54-9A1E7A4F7556}") = "databaseservices", "databaseservices\databaseservices.csproj", "{0D09129D-2EE8-492F-A98B-CBFF2D85DFEE}"
EndProject
Global
	GlobalSection(SolutionConfigurationPlatforms) = preSolution
		Debug|Any CPU = Debug|Any CPU
		Release|Any CPU = Release|Any CPU
	EndGlobalSection
	GlobalSection(ProjectConfigurationPlatforms) = postSolution
		{0D09129D-2EE8-492F-A98B-CBFF2D85DFEE}.Debug|Any CPU.ActiveCfg = Debug|Any CPU
		{0D09129D-2EE8-492F-A98B-CBFF2D85DFEE}.Debug|Any CPU.Build.0 = Debug|Any CPU
		{0D09129D-2EE8-492F-A98B-CBFF2D85DFEE}.Release|Any CPU.ActiveCfg = Release|Any CPU
		{0D09129D-2EE8-492F-A98B-CBFF2D85DFEE}.Release|Any CPU.Build.0 = Release|Any CPU
	EndGlobalSection
	GlobalSection(SolutionProperties) = preSolution
		HideSolutionNode = FALSE
	EndGlobalSection
	GlobalSection(ExtensibilityGlobals) = postSolution
		SolutionGuid = {6A81043A-E560-4CF6-ABF2-6AA2D2B7BBD0}
	EndGlobalSection
EndGlobal
